
Microsoft Visual Studio Solution File, Format Version 12.00
# Visual Studio 15
VisualStudioVersion = 15.0.27130.2020
MinimumVisualStudioVersion = 10.0.40219.1
Project("{9A19103F-16F7-4668-BE54-9A1E7A4F7556}") = "REstate", "src\REstate\REstate.csproj", "{8B02FF53-A9F3-4004-8CDC-32831070957D}"
EndProject
Project("{9A19103F-16F7-4668-BE54-9A1E7A4F7556}") = "REstate.Remote", "src\REstate.Remote\REstate.Remote.csproj", "{9D9597DB-CC42-4CA3-9E65-A83B0C0EC664}"
EndProject
Project("{2150E333-8FDC-42A3-9474-1A3956D46DE8}") = "Examples", "Examples", "{20BCC0A3-8FEB-4EFF-A175-22D1E3E4E233}"
EndProject
Project("{2150E333-8FDC-42A3-9474-1A3956D46DE8}") = "Client-Server", "Client-Server", "{F58A1F94-FACC-4179-B11B-BDA63E39154F}"
EndProject
Project("{9A19103F-16F7-4668-BE54-9A1E7A4F7556}") = "Client", "src\Examples\Client-Server\Client\Client.csproj", "{4595A1E8-B0CC-427E-B118-C54FA6AC891E}"
EndProject
Project("{9A19103F-16F7-4668-BE54-9A1E7A4F7556}") = "Server", "src\Examples\Client-Server\Server\Server.csproj", "{A1FE81FA-8450-4074-844B-4EA8648E68FA}"
EndProject
Project("{9A19103F-16F7-4668-BE54-9A1E7A4F7556}") = "REstate.Engine.Repositories.Redis", "src\REstate.Engine.Repositories.Redis\REstate.Engine.Repositories.Redis.csproj", "{C72B33ED-2EDE-4705-81A6-8174F2577632}"
EndProject
Project("{2150E333-8FDC-42A3-9474-1A3956D46DE8}") = "Tests", "Tests", "{88B4B54C-3DA1-40D2-8DCB-0181DD035955}"
EndProject
Project("{2150E333-8FDC-42A3-9474-1A3956D46DE8}") = "Src", "Src", "{90E8D167-048D-467B-81D5-1007247226A3}"
EndProject
Project("{9A19103F-16F7-4668-BE54-9A1E7A4F7556}") = "REstate.Engine.Connectors.AzureServiceBus", "src\REstate.Engine.Connectors.AzureServiceBus\REstate.Engine.Connectors.AzureServiceBus.csproj", "{44DAA43E-E26F-4E71-AF23-C9793D94CD2C}"
EndProject
Project("{9A19103F-16F7-4668-BE54-9A1E7A4F7556}") = "REstate.Tests", "test\REstate.Tests\REstate.Tests.csproj", "{7E243087-D506-4D89-BB66-83C6DE063778}"
EndProject
Project("{9A19103F-16F7-4668-BE54-9A1E7A4F7556}") = "REstate.Remote.Tests", "test\REstate.Remote.Tests\REstate.Remote.Tests.csproj", "{C64BFCFB-3BF8-4662-A274-7ACC324232CD}"
EndProject
Project("{9A19103F-16F7-4668-BE54-9A1E7A4F7556}") = "Semaphore", "src\Examples\Semaphore\Semaphore.csproj", "{F15E390F-EFCF-4848-96C8-597BD75B7F9C}"
EndProject
Project("{9A19103F-16F7-4668-BE54-9A1E7A4F7556}") = "REstate.Engine.Repositories.EntityFrameworkCore", "src\REstate.Engine.Repositories.EntityFrameworkCore\REstate.Engine.Repositories.EntityFrameworkCore.csproj", "{3E0263FE-540E-401E-818A-CB51350D30C2}"
EndProject
Project("{9A19103F-16F7-4668-BE54-9A1E7A4F7556}") = "REstate.Engine.Repositories.EntityFrameworkCore.Tests", "test\REstate.Engine.Repositories.EntityFrameworkCore.Tests\REstate.Engine.Repositories.EntityFrameworkCore.Tests.csproj", "{5F424F7B-4840-414D-9FA3-7700D81AD898}"
EndProject
Project("{9A19103F-16F7-4668-BE54-9A1E7A4F7556}") = "REstate.Concurrency.Primitives", "src\REstate.Concurrency.Primitives\REstate.Concurrency.Primitives.csproj", "{D699BD4C-9005-4475-A958-3A0AC2C6F575}"
EndProject
Project("{2150E333-8FDC-42A3-9474-1A3956D46DE8}") = "Assets", "Assets", "{85E6545C-48B6-40EB-A6C7-827E16255AA6}"
EndProject
Project("{2150E333-8FDC-42A3-9474-1A3956D46DE8}") = "Icons", "Icons", "{EE8E30B1-F341-4924-8B26-401DA680D213}"
	ProjectSection(SolutionItems) = preProject
		assets\icons\REstate-128.png = assets\icons\REstate-128.png
		assets\icons\REstate-16.png = assets\icons\REstate-16.png
		assets\icons\REstate-20.png = assets\icons\REstate-20.png
		assets\icons\REstate-24.png = assets\icons\REstate-24.png
		assets\icons\REstate-256.png = assets\icons\REstate-256.png
		assets\icons\REstate-32.png = assets\icons\REstate-32.png
		assets\icons\REstate-48.png = assets\icons\REstate-48.png
		assets\icons\REstate-512.png = assets\icons\REstate-512.png
		assets\icons\REstate-64.png = assets\icons\REstate-64.png
		assets\icons\REstate.svg = assets\icons\REstate.svg
	EndProjectSection
EndProject
Project("{9A19103F-16F7-4668-BE54-9A1E7A4F7556}") = "REstate.IoC.Ninject.Tests", "test\REstate.IoC.Ninject.Tests\REstate.IoC.Ninject.Tests.csproj", "{57415F9E-37A5-439E-ADF2-8CE40AB5B267}"
EndProject
Project("{9A19103F-16F7-4668-BE54-9A1E7A4F7556}") = "REstate.IoC.Ninject", "src\REstate.IoC.Ninject\REstate.IoC.Ninject.csproj", "{D2075ADE-A17E-4ED1-941F-41C319AE85B2}"
EndProject
Global
	GlobalSection(SolutionConfigurationPlatforms) = preSolution
		Debug|Any CPU = Debug|Any CPU
		Release|Any CPU = Release|Any CPU
	EndGlobalSection
	GlobalSection(ProjectConfigurationPlatforms) = postSolution
		{8B02FF53-A9F3-4004-8CDC-32831070957D}.Debug|Any CPU.ActiveCfg = Debug|Any CPU
		{8B02FF53-A9F3-4004-8CDC-32831070957D}.Debug|Any CPU.Build.0 = Debug|Any CPU
		{8B02FF53-A9F3-4004-8CDC-32831070957D}.Release|Any CPU.ActiveCfg = Release|Any CPU
		{8B02FF53-A9F3-4004-8CDC-32831070957D}.Release|Any CPU.Build.0 = Release|Any CPU
		{9D9597DB-CC42-4CA3-9E65-A83B0C0EC664}.Debug|Any CPU.ActiveCfg = Debug|Any CPU
		{9D9597DB-CC42-4CA3-9E65-A83B0C0EC664}.Debug|Any CPU.Build.0 = Debug|Any CPU
		{9D9597DB-CC42-4CA3-9E65-A83B0C0EC664}.Release|Any CPU.ActiveCfg = Release|Any CPU
		{9D9597DB-CC42-4CA3-9E65-A83B0C0EC664}.Release|Any CPU.Build.0 = Release|Any CPU
		{4595A1E8-B0CC-427E-B118-C54FA6AC891E}.Debug|Any CPU.ActiveCfg = Debug|Any CPU
		{4595A1E8-B0CC-427E-B118-C54FA6AC891E}.Debug|Any CPU.Build.0 = Debug|Any CPU
		{4595A1E8-B0CC-427E-B118-C54FA6AC891E}.Release|Any CPU.ActiveCfg = Release|Any CPU
		{4595A1E8-B0CC-427E-B118-C54FA6AC891E}.Release|Any CPU.Build.0 = Release|Any CPU
		{A1FE81FA-8450-4074-844B-4EA8648E68FA}.Debug|Any CPU.ActiveCfg = Debug|Any CPU
		{A1FE81FA-8450-4074-844B-4EA8648E68FA}.Debug|Any CPU.Build.0 = Debug|Any CPU
		{A1FE81FA-8450-4074-844B-4EA8648E68FA}.Release|Any CPU.ActiveCfg = Release|Any CPU
		{A1FE81FA-8450-4074-844B-4EA8648E68FA}.Release|Any CPU.Build.0 = Release|Any CPU
		{C72B33ED-2EDE-4705-81A6-8174F2577632}.Debug|Any CPU.ActiveCfg = Debug|Any CPU
		{C72B33ED-2EDE-4705-81A6-8174F2577632}.Debug|Any CPU.Build.0 = Debug|Any CPU
		{C72B33ED-2EDE-4705-81A6-8174F2577632}.Release|Any CPU.ActiveCfg = Release|Any CPU
		{C72B33ED-2EDE-4705-81A6-8174F2577632}.Release|Any CPU.Build.0 = Release|Any CPU
		{44DAA43E-E26F-4E71-AF23-C9793D94CD2C}.Debug|Any CPU.ActiveCfg = Debug|Any CPU
		{44DAA43E-E26F-4E71-AF23-C9793D94CD2C}.Debug|Any CPU.Build.0 = Debug|Any CPU
		{44DAA43E-E26F-4E71-AF23-C9793D94CD2C}.Release|Any CPU.ActiveCfg = Release|Any CPU
		{44DAA43E-E26F-4E71-AF23-C9793D94CD2C}.Release|Any CPU.Build.0 = Release|Any CPU
		{7E243087-D506-4D89-BB66-83C6DE063778}.Debug|Any CPU.ActiveCfg = Debug|Any CPU
		{7E243087-D506-4D89-BB66-83C6DE063778}.Debug|Any CPU.Build.0 = Debug|Any CPU
		{7E243087-D506-4D89-BB66-83C6DE063778}.Release|Any CPU.ActiveCfg = Release|Any CPU
		{7E243087-D506-4D89-BB66-83C6DE063778}.Release|Any CPU.Build.0 = Release|Any CPU
		{C64BFCFB-3BF8-4662-A274-7ACC324232CD}.Debug|Any CPU.ActiveCfg = Debug|Any CPU
		{C64BFCFB-3BF8-4662-A274-7ACC324232CD}.Debug|Any CPU.Build.0 = Debug|Any CPU
		{C64BFCFB-3BF8-4662-A274-7ACC324232CD}.Release|Any CPU.ActiveCfg = Release|Any CPU
		{C64BFCFB-3BF8-4662-A274-7ACC324232CD}.Release|Any CPU.Build.0 = Release|Any CPU
		{F15E390F-EFCF-4848-96C8-597BD75B7F9C}.Debug|Any CPU.ActiveCfg = Debug|Any CPU
		{F15E390F-EFCF-4848-96C8-597BD75B7F9C}.Debug|Any CPU.Build.0 = Debug|Any CPU
		{F15E390F-EFCF-4848-96C8-597BD75B7F9C}.Release|Any CPU.ActiveCfg = Release|Any CPU
		{F15E390F-EFCF-4848-96C8-597BD75B7F9C}.Release|Any CPU.Build.0 = Release|Any CPU
		{3E0263FE-540E-401E-818A-CB51350D30C2}.Debug|Any CPU.ActiveCfg = Debug|Any CPU
		{3E0263FE-540E-401E-818A-CB51350D30C2}.Debug|Any CPU.Build.0 = Debug|Any CPU
		{3E0263FE-540E-401E-818A-CB51350D30C2}.Release|Any CPU.ActiveCfg = Release|Any CPU
		{3E0263FE-540E-401E-818A-CB51350D30C2}.Release|Any CPU.Build.0 = Release|Any CPU
		{5F424F7B-4840-414D-9FA3-7700D81AD898}.Debug|Any CPU.ActiveCfg = Debug|Any CPU
		{5F424F7B-4840-414D-9FA3-7700D81AD898}.Debug|Any CPU.Build.0 = Debug|Any CPU
		{5F424F7B-4840-414D-9FA3-7700D81AD898}.Release|Any CPU.ActiveCfg = Release|Any CPU
		{5F424F7B-4840-414D-9FA3-7700D81AD898}.Release|Any CPU.Build.0 = Release|Any CPU
		{D699BD4C-9005-4475-A958-3A0AC2C6F575}.Debug|Any CPU.ActiveCfg = Debug|Any CPU
		{D699BD4C-9005-4475-A958-3A0AC2C6F575}.Debug|Any CPU.Build.0 = Debug|Any CPU
		{D699BD4C-9005-4475-A958-3A0AC2C6F575}.Release|Any CPU.ActiveCfg = Release|Any CPU
		{D699BD4C-9005-4475-A958-3A0AC2C6F575}.Release|Any CPU.Build.0 = Release|Any CPU
		{57415F9E-37A5-439E-ADF2-8CE40AB5B267}.Debug|Any CPU.ActiveCfg = Debug|Any CPU
		{57415F9E-37A5-439E-ADF2-8CE40AB5B267}.Debug|Any CPU.Build.0 = Debug|Any CPU
		{57415F9E-37A5-439E-ADF2-8CE40AB5B267}.Release|Any CPU.ActiveCfg = Release|Any CPU
		{57415F9E-37A5-439E-ADF2-8CE40AB5B267}.Release|Any CPU.Build.0 = Release|Any CPU
		{D2075ADE-A17E-4ED1-941F-41C319AE85B2}.Debug|Any CPU.ActiveCfg = Debug|Any CPU
		{D2075ADE-A17E-4ED1-941F-41C319AE85B2}.Debug|Any CPU.Build.0 = Debug|Any CPU
		{D2075ADE-A17E-4ED1-941F-41C319AE85B2}.Release|Any CPU.ActiveCfg = Release|Any CPU
		{D2075ADE-A17E-4ED1-941F-41C319AE85B2}.Release|Any CPU.Build.0 = Release|Any CPU
	EndGlobalSection
	GlobalSection(SolutionProperties) = preSolution
		HideSolutionNode = FALSE
	EndGlobalSection
	GlobalSection(NestedProjects) = preSolution
		{8B02FF53-A9F3-4004-8CDC-32831070957D} = {90E8D167-048D-467B-81D5-1007247226A3}
		{9D9597DB-CC42-4CA3-9E65-A83B0C0EC664} = {90E8D167-048D-467B-81D5-1007247226A3}
		{F58A1F94-FACC-4179-B11B-BDA63E39154F} = {20BCC0A3-8FEB-4EFF-A175-22D1E3E4E233}
		{4595A1E8-B0CC-427E-B118-C54FA6AC891E} = {F58A1F94-FACC-4179-B11B-BDA63E39154F}
		{A1FE81FA-8450-4074-844B-4EA8648E68FA} = {F58A1F94-FACC-4179-B11B-BDA63E39154F}
		{C72B33ED-2EDE-4705-81A6-8174F2577632} = {90E8D167-048D-467B-81D5-1007247226A3}
		{44DAA43E-E26F-4E71-AF23-C9793D94CD2C} = {90E8D167-048D-467B-81D5-1007247226A3}
		{7E243087-D506-4D89-BB66-83C6DE063778} = {88B4B54C-3DA1-40D2-8DCB-0181DD035955}
		{C64BFCFB-3BF8-4662-A274-7ACC324232CD} = {88B4B54C-3DA1-40D2-8DCB-0181DD035955}
		{F15E390F-EFCF-4848-96C8-597BD75B7F9C} = {20BCC0A3-8FEB-4EFF-A175-22D1E3E4E233}
		{3E0263FE-540E-401E-818A-CB51350D30C2} = {90E8D167-048D-467B-81D5-1007247226A3}
		{5F424F7B-4840-414D-9FA3-7700D81AD898} = {88B4B54C-3DA1-40D2-8DCB-0181DD035955}
		{D699BD4C-9005-4475-A958-3A0AC2C6F575} = {90E8D167-048D-467B-81D5-1007247226A3}
		{EE8E30B1-F341-4924-8B26-401DA680D213} = {85E6545C-48B6-40EB-A6C7-827E16255AA6}
		{57415F9E-37A5-439E-ADF2-8CE40AB5B267} = {88B4B54C-3DA1-40D2-8DCB-0181DD035955}
		{D2075ADE-A17E-4ED1-941F-41C319AE85B2} = {90E8D167-048D-467B-81D5-1007247226A3}
	EndGlobalSection
	GlobalSection(ExtensibilityGlobals) = postSolution
		SolutionGuid = {0C35B35D-40C1-4521-BF0A-C5A6D7BFF4CD}
	EndGlobalSection
	GlobalSection(Performance) = preSolution
		HasPerformanceSessions = true
	EndGlobalSection
	GlobalSection(Performance) = preSolution
		HasPerformanceSessions = true
	EndGlobalSection
	GlobalSection(Performance) = preSolution
		HasPerformanceSessions = true
	EndGlobalSection
	GlobalSection(Performance) = preSolution
		HasPerformanceSessions = true
	EndGlobalSection
	GlobalSection(Performance) = preSolution
		HasPerformanceSessions = true
	EndGlobalSection
	GlobalSection(Performance) = preSolution
		HasPerformanceSessions = true
	EndGlobalSection
	GlobalSection(Performance) = preSolution
		HasPerformanceSessions = true
	EndGlobalSection
	GlobalSection(Performance) = preSolution
		HasPerformanceSessions = true
	EndGlobalSection
	GlobalSection(Performance) = preSolution
		HasPerformanceSessions = true
	EndGlobalSection
EndGlobal
