
Microsoft Visual Studio Solution File, Format Version 12.00
# Visual Studio Version 16
VisualStudioVersion = 16.0.29709.97
MinimumVisualStudioVersion = 10.0.40219.1
Project("{9A19103F-16F7-4668-BE54-9A1E7A4F7556}") = "REstate", "src\REstate\REstate.csproj", "{8B02FF53-A9F3-4004-8CDC-32831070957D}"
EndProject
Project("{9A19103F-16F7-4668-BE54-9A1E7A4F7556}") = "REstate.Remote", "src\REstate.Remote\REstate.Remote.csproj", "{9D9597DB-CC42-4CA3-9E65-A83B0C0EC664}"
EndProject
Project("{9A19103F-16F7-4668-BE54-9A1E7A4F7556}") = "REstate.Engine.Repositories.Redis", "src\REstate.Engine.Repositories.Redis\REstate.Engine.Repositories.Redis.csproj", "{C72B33ED-2EDE-4705-81A6-8174F2577632}"
EndProject
Project("{2150E333-8FDC-42A3-9474-1A3956D46DE8}") = "src", "src", "{90E8D167-048D-467B-81D5-1007247226A3}"
EndProject
Project("{9A19103F-16F7-4668-BE54-9A1E7A4F7556}") = "REstate.Tests", "test\REstate.Tests\REstate.Tests.csproj", "{7E243087-D506-4D89-BB66-83C6DE063778}"
EndProject
Project("{9A19103F-16F7-4668-BE54-9A1E7A4F7556}") = "REstate.Remote.Tests", "test\REstate.Remote.Tests\REstate.Remote.Tests.csproj", "{C64BFCFB-3BF8-4662-A274-7ACC324232CD}"
EndProject
Project("{9A19103F-16F7-4668-BE54-9A1E7A4F7556}") = "REstate.Engine.Repositories.EntityFrameworkCore", "src\REstate.Engine.Repositories.EntityFrameworkCore\REstate.Engine.Repositories.EntityFrameworkCore.csproj", "{3E0263FE-540E-401E-818A-CB51350D30C2}"
EndProject
Project("{9A19103F-16F7-4668-BE54-9A1E7A4F7556}") = "REstate.Engine.Repositories.EntityFrameworkCore.Tests", "test\REstate.Engine.Repositories.EntityFrameworkCore.Tests\REstate.Engine.Repositories.EntityFrameworkCore.Tests.csproj", "{5F424F7B-4840-414D-9FA3-7700D81AD898}"
EndProject
Project("{9A19103F-16F7-4668-BE54-9A1E7A4F7556}") = "REstate.Concurrency.Primitives", "src\REstate.Concurrency.Primitives\REstate.Concurrency.Primitives.csproj", "{D699BD4C-9005-4475-A958-3A0AC2C6F575}"
EndProject
Project("{2150E333-8FDC-42A3-9474-1A3956D46DE8}") = "assets", "assets", "{85E6545C-48B6-40EB-A6C7-827E16255AA6}"
EndProject
Project("{2150E333-8FDC-42A3-9474-1A3956D46DE8}") = "Icons", "Icons", "{EE8E30B1-F341-4924-8B26-401DA680D213}"
	ProjectSection(SolutionItems) = preProject
		assets\icons\REstate-128.png = assets\icons\REstate-128.png
		assets\icons\REstate-16.png = assets\icons\REstate-16.png
		assets\icons\REstate-20.png = assets\icons\REstate-20.png
		assets\icons\REstate-24.png = assets\icons\REstate-24.png
		assets\icons\REstate-256.png = assets\icons\REstate-256.png
		assets\icons\REstate-32.png = assets\icons\REstate-32.png
		assets\icons\REstate-48.png = assets\icons\REstate-48.png
		assets\icons\REstate-512.png = assets\icons\REstate-512.png
		assets\icons\REstate-64.png = assets\icons\REstate-64.png
		assets\icons\REstate.svg = assets\icons\REstate.svg
	EndProjectSection
EndProject
Project("{9A19103F-16F7-4668-BE54-9A1E7A4F7556}") = "REstate.IoC.Ninject.Tests", "test\REstate.IoC.Ninject.Tests\REstate.IoC.Ninject.Tests.csproj", "{57415F9E-37A5-439E-ADF2-8CE40AB5B267}"
EndProject
Project("{9A19103F-16F7-4668-BE54-9A1E7A4F7556}") = "REstate.IoC.Ninject", "src\REstate.IoC.Ninject\REstate.IoC.Ninject.csproj", "{D2075ADE-A17E-4ED1-941F-41C319AE85B2}"
EndProject
Project("{9A19103F-16F7-4668-BE54-9A1E7A4F7556}") = "REstate.EntityFrameworkCore.Migrations.SqlServer", "src\REstate.EntityFrameworkCore.Migrations.SqlServer\REstate.EntityFrameworkCore.Migrations.SqlServer.csproj", "{EFC71033-9DEB-4E9D-94B2-0B510C29DD36}"
EndProject
Project("{9A19103F-16F7-4668-BE54-9A1E7A4F7556}") = "REstate.Engine.Repositories.Redis.Tests", "test\REState.Engine.Repositories.Redis.Tests\REstate.Engine.Repositories.Redis.Tests.csproj", "{28147D7F-26BF-4E08-98C7-C1F15693B7F9}"
EndProject
Project("{2150E333-8FDC-42A3-9474-1A3956D46DE8}") = "test", "test", "{81D1237E-89BA-4681-A80F-1AA57A2758F4}"
EndProject
Project("{9A19103F-16F7-4668-BE54-9A1E7A4F7556}") = "REstate.Engine.Connectors.AzureServiceBus", "src\REstate.Engine.Connectors.AzureServiceBus\REstate.Engine.Connectors.AzureServiceBus.csproj", "{2CDE31D5-9F38-4039-8585-2449566EF4A0}"
EndProject
Project("{2150E333-8FDC-42A3-9474-1A3956D46DE8}") = "examples", "examples", "{9747B96D-232F-4CFE-8B0A-BEB9A3FCB8B2}"
EndProject
Project("{9A19103F-16F7-4668-BE54-9A1E7A4F7556}") = "Semaphore", "examples\Semaphore\Semaphore.csproj", "{7716C957-4B22-48BA-8038-C545D2D222D2}"
EndProject
Project("{9A19103F-16F7-4668-BE54-9A1E7A4F7556}") = "NaturalSchematicExamples", "examples\NaturalSchematicExamples\NaturalSchematicExamples.csproj", "{7F23D592-05AF-4415-B38B-ED840E7CF621}"
EndProject
Project("{2150E333-8FDC-42A3-9474-1A3956D46DE8}") = "Client-Server", "Client-Server", "{912F0B13-7FB0-4B53-A28F-C263B4FE3CF4}"
EndProject
Project("{9A19103F-16F7-4668-BE54-9A1E7A4F7556}") = "Client", "examples\Client\Client.csproj", "{EA997352-7CC1-4862-831B-634541A3B4D5}"
EndProject
Project("{9A19103F-16F7-4668-BE54-9A1E7A4F7556}") = "Server", "examples\Server\Server.csproj", "{F5C4BA57-9230-4F96-A981-F6F953FAB191}"
EndProject
Project("{9A19103F-16F7-4668-BE54-9A1E7A4F7556}") = "REstate.Analyzers", "src\REstate.Analyzers\REstate.Analyzers.csproj", "{EF40C41E-BDC1-49FD-B9A8-0B5B1AF70827}"
EndProject
Project("{FAE04EC0-301F-11D3-BF4B-00C04F79EFBC}") = "REstate.Analyzers.Vsix", "src\REstate.Analyzers.Vsix\REstate.Analyzers.Vsix.csproj", "{C483E718-3879-409A-9AE3-57D47191EBB0}"
EndProject
Project("{9A19103F-16F7-4668-BE54-9A1E7A4F7556}") = "REstate.Analyzers.Test", "test\REstate.Analyzers.Test\REstate.Analyzers.Test.csproj", "{12F89A61-295A-41C0-AB81-53AE57BC5AAF}"
EndProject
Project("{2150E333-8FDC-42A3-9474-1A3956D46DE8}") = "globals", "globals", "{525C0819-6E03-4F3F-AAC6-FD01C2478102}"
	ProjectSection(SolutionItems) = preProject
		.gitignore = .gitignore
		CODE_OF_CONDUCT.md = CODE_OF_CONDUCT.md
		CONTRIBUTING.md = CONTRIBUTING.md
		Directory.Build.props = Directory.Build.props
		ISSUE_TEMPLATE.md = ISSUE_TEMPLATE.md
		LICENSE = LICENSE
		PULL_REQUEST_TEMPLATE.md = PULL_REQUEST_TEMPLATE.md
		README.md = README.md
		version.json = version.json
	EndProjectSection
EndProject
Global
	GlobalSection(SolutionConfigurationPlatforms) = preSolution
		Debug|Any CPU = Debug|Any CPU
		Release|Any CPU = Release|Any CPU
	EndGlobalSection
	GlobalSection(ProjectConfigurationPlatforms) = postSolution
		{8B02FF53-A9F3-4004-8CDC-32831070957D}.Debug|Any CPU.ActiveCfg = Debug|Any CPU
		{8B02FF53-A9F3-4004-8CDC-32831070957D}.Debug|Any CPU.Build.0 = Debug|Any CPU
		{8B02FF53-A9F3-4004-8CDC-32831070957D}.Release|Any CPU.ActiveCfg = Release|Any CPU
		{8B02FF53-A9F3-4004-8CDC-32831070957D}.Release|Any CPU.Build.0 = Release|Any CPU
		{9D9597DB-CC42-4CA3-9E65-A83B0C0EC664}.Debug|Any CPU.ActiveCfg = Debug|Any CPU
		{9D9597DB-CC42-4CA3-9E65-A83B0C0EC664}.Debug|Any CPU.Build.0 = Debug|Any CPU
		{9D9597DB-CC42-4CA3-9E65-A83B0C0EC664}.Release|Any CPU.ActiveCfg = Release|Any CPU
		{9D9597DB-CC42-4CA3-9E65-A83B0C0EC664}.Release|Any CPU.Build.0 = Release|Any CPU
		{C72B33ED-2EDE-4705-81A6-8174F2577632}.Debug|Any CPU.ActiveCfg = Debug|Any CPU
		{C72B33ED-2EDE-4705-81A6-8174F2577632}.Debug|Any CPU.Build.0 = Debug|Any CPU
		{C72B33ED-2EDE-4705-81A6-8174F2577632}.Release|Any CPU.ActiveCfg = Release|Any CPU
		{C72B33ED-2EDE-4705-81A6-8174F2577632}.Release|Any CPU.Build.0 = Release|Any CPU
		{7E243087-D506-4D89-BB66-83C6DE063778}.Debug|Any CPU.ActiveCfg = Debug|Any CPU
		{7E243087-D506-4D89-BB66-83C6DE063778}.Debug|Any CPU.Build.0 = Debug|Any CPU
		{7E243087-D506-4D89-BB66-83C6DE063778}.Release|Any CPU.ActiveCfg = Release|Any CPU
		{7E243087-D506-4D89-BB66-83C6DE063778}.Release|Any CPU.Build.0 = Release|Any CPU
		{C64BFCFB-3BF8-4662-A274-7ACC324232CD}.Debug|Any CPU.ActiveCfg = Debug|Any CPU
		{C64BFCFB-3BF8-4662-A274-7ACC324232CD}.Debug|Any CPU.Build.0 = Debug|Any CPU
		{C64BFCFB-3BF8-4662-A274-7ACC324232CD}.Release|Any CPU.ActiveCfg = Release|Any CPU
		{C64BFCFB-3BF8-4662-A274-7ACC324232CD}.Release|Any CPU.Build.0 = Release|Any CPU
		{3E0263FE-540E-401E-818A-CB51350D30C2}.Debug|Any CPU.ActiveCfg = Debug|Any CPU
		{3E0263FE-540E-401E-818A-CB51350D30C2}.Debug|Any CPU.Build.0 = Debug|Any CPU
		{3E0263FE-540E-401E-818A-CB51350D30C2}.Release|Any CPU.ActiveCfg = Release|Any CPU
		{3E0263FE-540E-401E-818A-CB51350D30C2}.Release|Any CPU.Build.0 = Release|Any CPU
		{5F424F7B-4840-414D-9FA3-7700D81AD898}.Debug|Any CPU.ActiveCfg = Debug|Any CPU
		{5F424F7B-4840-414D-9FA3-7700D81AD898}.Debug|Any CPU.Build.0 = Debug|Any CPU
		{5F424F7B-4840-414D-9FA3-7700D81AD898}.Release|Any CPU.ActiveCfg = Release|Any CPU
		{5F424F7B-4840-414D-9FA3-7700D81AD898}.Release|Any CPU.Build.0 = Release|Any CPU
		{D699BD4C-9005-4475-A958-3A0AC2C6F575}.Debug|Any CPU.ActiveCfg = Debug|Any CPU
		{D699BD4C-9005-4475-A958-3A0AC2C6F575}.Debug|Any CPU.Build.0 = Debug|Any CPU
		{D699BD4C-9005-4475-A958-3A0AC2C6F575}.Release|Any CPU.ActiveCfg = Release|Any CPU
		{D699BD4C-9005-4475-A958-3A0AC2C6F575}.Release|Any CPU.Build.0 = Release|Any CPU
		{57415F9E-37A5-439E-ADF2-8CE40AB5B267}.Debug|Any CPU.ActiveCfg = Debug|Any CPU
		{57415F9E-37A5-439E-ADF2-8CE40AB5B267}.Debug|Any CPU.Build.0 = Debug|Any CPU
		{57415F9E-37A5-439E-ADF2-8CE40AB5B267}.Release|Any CPU.ActiveCfg = Release|Any CPU
		{57415F9E-37A5-439E-ADF2-8CE40AB5B267}.Release|Any CPU.Build.0 = Release|Any CPU
		{D2075ADE-A17E-4ED1-941F-41C319AE85B2}.Debug|Any CPU.ActiveCfg = Debug|Any CPU
		{D2075ADE-A17E-4ED1-941F-41C319AE85B2}.Debug|Any CPU.Build.0 = Debug|Any CPU
		{D2075ADE-A17E-4ED1-941F-41C319AE85B2}.Release|Any CPU.ActiveCfg = Release|Any CPU
		{D2075ADE-A17E-4ED1-941F-41C319AE85B2}.Release|Any CPU.Build.0 = Release|Any CPU
		{EFC71033-9DEB-4E9D-94B2-0B510C29DD36}.Debug|Any CPU.ActiveCfg = Debug|Any CPU
		{EFC71033-9DEB-4E9D-94B2-0B510C29DD36}.Debug|Any CPU.Build.0 = Debug|Any CPU
		{EFC71033-9DEB-4E9D-94B2-0B510C29DD36}.Release|Any CPU.ActiveCfg = Release|Any CPU
		{EFC71033-9DEB-4E9D-94B2-0B510C29DD36}.Release|Any CPU.Build.0 = Release|Any CPU
		{28147D7F-26BF-4E08-98C7-C1F15693B7F9}.Debug|Any CPU.ActiveCfg = Debug|Any CPU
		{28147D7F-26BF-4E08-98C7-C1F15693B7F9}.Debug|Any CPU.Build.0 = Debug|Any CPU
		{28147D7F-26BF-4E08-98C7-C1F15693B7F9}.Release|Any CPU.ActiveCfg = Release|Any CPU
		{28147D7F-26BF-4E08-98C7-C1F15693B7F9}.Release|Any CPU.Build.0 = Release|Any CPU
		{2CDE31D5-9F38-4039-8585-2449566EF4A0}.Debug|Any CPU.ActiveCfg = Debug|Any CPU
		{2CDE31D5-9F38-4039-8585-2449566EF4A0}.Debug|Any CPU.Build.0 = Debug|Any CPU
		{2CDE31D5-9F38-4039-8585-2449566EF4A0}.Release|Any CPU.ActiveCfg = Release|Any CPU
		{2CDE31D5-9F38-4039-8585-2449566EF4A0}.Release|Any CPU.Build.0 = Release|Any CPU
		{7716C957-4B22-48BA-8038-C545D2D222D2}.Debug|Any CPU.ActiveCfg = Debug|Any CPU
		{7716C957-4B22-48BA-8038-C545D2D222D2}.Debug|Any CPU.Build.0 = Debug|Any CPU
		{7716C957-4B22-48BA-8038-C545D2D222D2}.Release|Any CPU.ActiveCfg = Release|Any CPU
		{7716C957-4B22-48BA-8038-C545D2D222D2}.Release|Any CPU.Build.0 = Release|Any CPU
		{7F23D592-05AF-4415-B38B-ED840E7CF621}.Debug|Any CPU.ActiveCfg = Debug|Any CPU
		{7F23D592-05AF-4415-B38B-ED840E7CF621}.Debug|Any CPU.Build.0 = Debug|Any CPU
		{7F23D592-05AF-4415-B38B-ED840E7CF621}.Release|Any CPU.ActiveCfg = Release|Any CPU
		{7F23D592-05AF-4415-B38B-ED840E7CF621}.Release|Any CPU.Build.0 = Release|Any CPU
		{EA997352-7CC1-4862-831B-634541A3B4D5}.Debug|Any CPU.ActiveCfg = Debug|Any CPU
		{EA997352-7CC1-4862-831B-634541A3B4D5}.Debug|Any CPU.Build.0 = Debug|Any CPU
		{EA997352-7CC1-4862-831B-634541A3B4D5}.Release|Any CPU.ActiveCfg = Release|Any CPU
		{EA997352-7CC1-4862-831B-634541A3B4D5}.Release|Any CPU.Build.0 = Release|Any CPU
		{F5C4BA57-9230-4F96-A981-F6F953FAB191}.Debug|Any CPU.ActiveCfg = Debug|Any CPU
		{F5C4BA57-9230-4F96-A981-F6F953FAB191}.Debug|Any CPU.Build.0 = Debug|Any CPU
		{F5C4BA57-9230-4F96-A981-F6F953FAB191}.Release|Any CPU.ActiveCfg = Release|Any CPU
		{F5C4BA57-9230-4F96-A981-F6F953FAB191}.Release|Any CPU.Build.0 = Release|Any CPU
		{EF40C41E-BDC1-49FD-B9A8-0B5B1AF70827}.Debug|Any CPU.ActiveCfg = Debug|Any CPU
		{EF40C41E-BDC1-49FD-B9A8-0B5B1AF70827}.Debug|Any CPU.Build.0 = Debug|Any CPU
		{EF40C41E-BDC1-49FD-B9A8-0B5B1AF70827}.Release|Any CPU.ActiveCfg = Release|Any CPU
		{EF40C41E-BDC1-49FD-B9A8-0B5B1AF70827}.Release|Any CPU.Build.0 = Release|Any CPU
		{C483E718-3879-409A-9AE3-57D47191EBB0}.Debug|Any CPU.ActiveCfg = Debug|Any CPU
		{C483E718-3879-409A-9AE3-57D47191EBB0}.Debug|Any CPU.Build.0 = Debug|Any CPU
		{C483E718-3879-409A-9AE3-57D47191EBB0}.Release|Any CPU.ActiveCfg = Release|Any CPU
		{C483E718-3879-409A-9AE3-57D47191EBB0}.Release|Any CPU.Build.0 = Release|Any CPU
		{12F89A61-295A-41C0-AB81-53AE57BC5AAF}.Debug|Any CPU.ActiveCfg = Debug|Any CPU
		{12F89A61-295A-41C0-AB81-53AE57BC5AAF}.Debug|Any CPU.Build.0 = Debug|Any CPU
		{12F89A61-295A-41C0-AB81-53AE57BC5AAF}.Release|Any CPU.ActiveCfg = Release|Any CPU
		{12F89A61-295A-41C0-AB81-53AE57BC5AAF}.Release|Any CPU.Build.0 = Release|Any CPU
	EndGlobalSection
	GlobalSection(SolutionProperties) = preSolution
		HideSolutionNode = FALSE
	EndGlobalSection
	GlobalSection(NestedProjects) = preSolution
		{8B02FF53-A9F3-4004-8CDC-32831070957D} = {90E8D167-048D-467B-81D5-1007247226A3}
		{9D9597DB-CC42-4CA3-9E65-A83B0C0EC664} = {90E8D167-048D-467B-81D5-1007247226A3}
		{C72B33ED-2EDE-4705-81A6-8174F2577632} = {90E8D167-048D-467B-81D5-1007247226A3}
		{7E243087-D506-4D89-BB66-83C6DE063778} = {81D1237E-89BA-4681-A80F-1AA57A2758F4}
		{C64BFCFB-3BF8-4662-A274-7ACC324232CD} = {81D1237E-89BA-4681-A80F-1AA57A2758F4}
		{3E0263FE-540E-401E-818A-CB51350D30C2} = {90E8D167-048D-467B-81D5-1007247226A3}
		{5F424F7B-4840-414D-9FA3-7700D81AD898} = {81D1237E-89BA-4681-A80F-1AA57A2758F4}
		{D699BD4C-9005-4475-A958-3A0AC2C6F575} = {90E8D167-048D-467B-81D5-1007247226A3}
		{EE8E30B1-F341-4924-8B26-401DA680D213} = {85E6545C-48B6-40EB-A6C7-827E16255AA6}
		{57415F9E-37A5-439E-ADF2-8CE40AB5B267} = {81D1237E-89BA-4681-A80F-1AA57A2758F4}
		{D2075ADE-A17E-4ED1-941F-41C319AE85B2} = {90E8D167-048D-467B-81D5-1007247226A3}
		{EFC71033-9DEB-4E9D-94B2-0B510C29DD36} = {90E8D167-048D-467B-81D5-1007247226A3}
		{28147D7F-26BF-4E08-98C7-C1F15693B7F9} = {81D1237E-89BA-4681-A80F-1AA57A2758F4}
		{2CDE31D5-9F38-4039-8585-2449566EF4A0} = {90E8D167-048D-467B-81D5-1007247226A3}
		{7716C957-4B22-48BA-8038-C545D2D222D2} = {9747B96D-232F-4CFE-8B0A-BEB9A3FCB8B2}
		{7F23D592-05AF-4415-B38B-ED840E7CF621} = {9747B96D-232F-4CFE-8B0A-BEB9A3FCB8B2}
		{912F0B13-7FB0-4B53-A28F-C263B4FE3CF4} = {9747B96D-232F-4CFE-8B0A-BEB9A3FCB8B2}
		{EA997352-7CC1-4862-831B-634541A3B4D5} = {912F0B13-7FB0-4B53-A28F-C263B4FE3CF4}
		{F5C4BA57-9230-4F96-A981-F6F953FAB191} = {912F0B13-7FB0-4B53-A28F-C263B4FE3CF4}
		{EF40C41E-BDC1-49FD-B9A8-0B5B1AF70827} = {90E8D167-048D-467B-81D5-1007247226A3}
		{C483E718-3879-409A-9AE3-57D47191EBB0} = {90E8D167-048D-467B-81D5-1007247226A3}
		{12F89A61-295A-41C0-AB81-53AE57BC5AAF} = {81D1237E-89BA-4681-A80F-1AA57A2758F4}
	EndGlobalSection
	GlobalSection(ExtensibilityGlobals) = postSolution
		SolutionGuid = {0C35B35D-40C1-4521-BF0A-C5A6D7BFF4CD}
	EndGlobalSection
	GlobalSection(Performance) = preSolution
		HasPerformanceSessions = true
	EndGlobalSection
	GlobalSection(Performance) = preSolution
		HasPerformanceSessions = true
	EndGlobalSection
	GlobalSection(Performance) = preSolution
		HasPerformanceSessions = true
	EndGlobalSection
	GlobalSection(Performance) = preSolution
		HasPerformanceSessions = true
	EndGlobalSection
	GlobalSection(Performance) = preSolution
		HasPerformanceSessions = true
	EndGlobalSection
	GlobalSection(Performance) = preSolution
		HasPerformanceSessions = true
	EndGlobalSection
	GlobalSection(Performance) = preSolution
		HasPerformanceSessions = true
	EndGlobalSection
	GlobalSection(Performance) = preSolution
		HasPerformanceSessions = true
	EndGlobalSection
	GlobalSection(Performance) = preSolution
		HasPerformanceSessions = true
	EndGlobalSection
EndGlobal
